
Microsoft Visual Studio Solution File, Format Version 12.00
# Visual Studio Version 16
VisualStudioVersion = 16.0.31205.134
MinimumVisualStudioVersion = 10.0.40219.1
Project("{FAE04EC0-301F-11D3-BF4B-00C04F79EFBC}") = "ST.API", "ST.API\ST.API.csproj", "{799400AE-FD75-4C69-A8EF-A6BEA8DD504E}"
EndProject
Project("{FAE04EC0-301F-11D3-BF4B-00C04F79EFBC}") = "ST.Application", "ST.Application\ST.Application.csproj", "{FAF14999-2B5F-4714-8997-904C979997F2}"
EndProject
Global
	GlobalSection(SolutionConfigurationPlatforms) = preSolution
		Debug|Any CPU = Debug|Any CPU
		Release|Any CPU = Release|Any CPU
	EndGlobalSection
	GlobalSection(ProjectConfigurationPlatforms) = postSolution
		{799400AE-FD75-4C69-A8EF-A6BEA8DD504E}.Debug|Any CPU.ActiveCfg = Debug|Any CPU
		{799400AE-FD75-4C69-A8EF-A6BEA8DD504E}.Debug|Any CPU.Build.0 = Debug|Any CPU
		{799400AE-FD75-4C69-A8EF-A6BEA8DD504E}.Release|Any CPU.ActiveCfg = Release|Any CPU
		{799400AE-FD75-4C69-A8EF-A6BEA8DD504E}.Release|Any CPU.Build.0 = Release|Any CPU
		{FAF14999-2B5F-4714-8997-904C979997F2}.Debug|Any CPU.ActiveCfg = Debug|Any CPU
		{FAF14999-2B5F-4714-8997-904C979997F2}.Debug|Any CPU.Build.0 = Debug|Any CPU
		{FAF14999-2B5F-4714-8997-904C979997F2}.Release|Any CPU.ActiveCfg = Release|Any CPU
		{FAF14999-2B5F-4714-8997-904C979997F2}.Release|Any CPU.Build.0 = Release|Any CPU
	EndGlobalSection
	GlobalSection(SolutionProperties) = preSolution
		HideSolutionNode = FALSE
	EndGlobalSection
	GlobalSection(ExtensibilityGlobals) = postSolution
		SolutionGuid = {2FCB5358-10C8-47EE-BDA1-6677AB168340}
	EndGlobalSection
EndGlobal
